
Microsoft Visual Studio Solution File, Format Version 12.00
# Visual Studio Version 16
VisualStudioVersion = 16.0.30011.22
MinimumVisualStudioVersion = 10.0.40219.1
Project("{FAE04EC0-301F-11D3-BF4B-00C04F79EFBC}") = "MarmorariaMoreira", "MarmorariaMoreira\MarmorariaMoreira.csproj", "{F4D6E904-3C4E-4ACC-8CFB-85C800A9DE03}"
EndProject
Global
	GlobalSection(SolutionConfigurationPlatforms) = preSolution
		Debug|Any CPU = Debug|Any CPU
		Release|Any CPU = Release|Any CPU
	EndGlobalSection
	GlobalSection(ProjectConfigurationPlatforms) = postSolution
		{F4D6E904-3C4E-4ACC-8CFB-85C800A9DE03}.Debug|Any CPU.ActiveCfg = Debug|Any CPU
		{F4D6E904-3C4E-4ACC-8CFB-85C800A9DE03}.Debug|Any CPU.Build.0 = Debug|Any CPU
		{F4D6E904-3C4E-4ACC-8CFB-85C800A9DE03}.Release|Any CPU.ActiveCfg = Release|Any CPU
		{F4D6E904-3C4E-4ACC-8CFB-85C800A9DE03}.Release|Any CPU.Build.0 = Release|Any CPU
	EndGlobalSection
	GlobalSection(SolutionProperties) = preSolution
		HideSolutionNode = FALSE
	EndGlobalSection
	GlobalSection(ExtensibilityGlobals) = postSolution
		SolutionGuid = {AA82DEC7-AC50-46FA-91F1-C1118153C56B}
	EndGlobalSection
EndGlobal
